
Microsoft Visual Studio Solution File, Format Version 12.00
# Visual Studio 14
VisualStudioVersion = 14.0.23107.0
MinimumVisualStudioVersion = 10.0.40219.1
Project("{FAE04EC0-301F-11D3-BF4B-00C04F79EFBC}") = "Levshits.Logic", "Levshits.Logic\Levshits.Logic.csproj", "{C071B4B7-811F-45EB-8248-246E95393B9E}"
EndProject
Project("{FAE04EC0-301F-11D3-BF4B-00C04F79EFBC}") = "Levshits.Data", "Levshits.Data\Levshits.Data.csproj", "{096BE68F-D51F-4620-AFF4-304ED4AFA547}"
EndProject
Project("{FAE04EC0-301F-11D3-BF4B-00C04F79EFBC}") = "Levshits.Web.Common", "Levshits.Web.Common\Levshits.Web.Common.csproj", "{7DF9F615-C055-42A7-B699-17EE9A87EE14}"
EndProject
Global
	GlobalSection(SolutionConfigurationPlatforms) = preSolution
		Debug|Any CPU = Debug|Any CPU
		Release|Any CPU = Release|Any CPU
	EndGlobalSection
	GlobalSection(ProjectConfigurationPlatforms) = postSolution
		{C071B4B7-811F-45EB-8248-246E95393B9E}.Debug|Any CPU.ActiveCfg = Debug|Any CPU
		{C071B4B7-811F-45EB-8248-246E95393B9E}.Debug|Any CPU.Build.0 = Debug|Any CPU
		{C071B4B7-811F-45EB-8248-246E95393B9E}.Release|Any CPU.ActiveCfg = Release|Any CPU
		{C071B4B7-811F-45EB-8248-246E95393B9E}.Release|Any CPU.Build.0 = Release|Any CPU
		{096BE68F-D51F-4620-AFF4-304ED4AFA547}.Debug|Any CPU.ActiveCfg = Debug|Any CPU
		{096BE68F-D51F-4620-AFF4-304ED4AFA547}.Debug|Any CPU.Build.0 = Debug|Any CPU
		{096BE68F-D51F-4620-AFF4-304ED4AFA547}.Release|Any CPU.ActiveCfg = Release|Any CPU
		{096BE68F-D51F-4620-AFF4-304ED4AFA547}.Release|Any CPU.Build.0 = Release|Any CPU
		{7DF9F615-C055-42A7-B699-17EE9A87EE14}.Debug|Any CPU.ActiveCfg = Debug|Any CPU
		{7DF9F615-C055-42A7-B699-17EE9A87EE14}.Debug|Any CPU.Build.0 = Debug|Any CPU
		{7DF9F615-C055-42A7-B699-17EE9A87EE14}.Release|Any CPU.ActiveCfg = Release|Any CPU
		{7DF9F615-C055-42A7-B699-17EE9A87EE14}.Release|Any CPU.Build.0 = Release|Any CPU
	EndGlobalSection
	GlobalSection(SolutionProperties) = preSolution
		HideSolutionNode = FALSE
	EndGlobalSection
EndGlobal
